# THIS IS AN AUTOGENERATED FILE. DO NOT EDIT THIS FILE DIRECTLY.
# yarn lockfile v1


"@fullcalendar/adaptive@~6.1.10":
  version "6.1.10"
  resolved "https://registry.npmjs.org/@fullcalendar/adaptive/-/adaptive-6.1.10.tgz"
  integrity sha512-I15qtUeJ7JjHZgMH9cCd91BCeVbucj3IwLLfBk7ImavTlQrE3sC4ecp23uuny10Zc8o/9q7jRjndR/PLu6CiuQ==
  dependencies:
    "@fullcalendar/premium-common" "~6.1.10"

"@fullcalendar/core@^6.1.10", "@fullcalendar/core@~6.1.10":
  version "6.1.10"
  resolved "https://registry.npmjs.org/@fullcalendar/core/-/core-6.1.10.tgz"
  integrity sha512-oTXGJSAGpCf1oY+CKp5qYjMHkJCPBkJ3SHitl63n8Q6xKeiwQ4EF6Au451euUovREwJpLmD1AyZrCnWmtB9AVg==
  dependencies:
    preact "~10.12.1"

"@fullcalendar/daygrid@^6.1.10", "@fullcalendar/daygrid@~6.1.10":
  version "6.1.10"
  resolved "https://registry.npmjs.org/@fullcalendar/daygrid/-/daygrid-6.1.10.tgz"
  integrity sha512-Z4GRm1IyHKgxXFTWGcEI0nTsvYOIkpE0aMt3/o3ER2SZkF+hfwcDFhtj0c9+WhMjXFIWYeoTnA9rUOY7Zl/nxA==

"@fullcalendar/google-calendar@^6.1.10":
  version "6.1.10"
  resolved "https://registry.npmjs.org/@fullcalendar/google-calendar/-/google-calendar-6.1.10.tgz"
  integrity sha512-pKjgRuJUjxOxj5Q+zEdWrBhqCfh49IPjYHdzzgL6ESlWOZKX9RrOrsOZIkT8kf5E6k6oMTJfT1bc7+BZHUxlQw==

"@fullcalendar/interaction@^6.1.10", "@fullcalendar/interaction@~6.1.10":
  version "6.1.10"
  resolved "https://registry.npmjs.org/@fullcalendar/interaction/-/interaction-6.1.10.tgz"
  integrity sha512-aZRlwCpmDasq2RNeWV0ub20Uevare9Cb6iMlxCacx0fhOC14H28G9d1FsduJIecInL84SPGwt5ItqAYMsWv7zw==

"@fullcalendar/list@^6.1.10", "@fullcalendar/list@~6.1.10":
  version "6.1.10"
  resolved "https://registry.npmjs.org/@fullcalendar/list/-/list-6.1.10.tgz"
  integrity sha512-WE4vuSUCzol4tJd0ZP0cNxeyRPaZcsVVYs2I3qdf3OZQkXwDCdSyWEz0Hluf+XZWcZXt21aEYKlxRjwUpQcf4Q==

"@fullcalendar/multimonth@~6.1.10":
  version "6.1.10"
  resolved "https://registry.npmjs.org/@fullcalendar/multimonth/-/multimonth-6.1.10.tgz"
  integrity sha512-mLGEgD+sv8rNfKphyOCWRQapX7/nAvHgQmDTjuy4STlhHsddCYVmFlsSgF373ph1tXh41wAJUVdNO/pDmCvUfA==
  dependencies:
    "@fullcalendar/daygrid" "~6.1.10"

"@fullcalendar/premium-common@~6.1.10":
  version "6.1.10"
  resolved "https://registry.npmjs.org/@fullcalendar/premium-common/-/premium-common-6.1.10.tgz"
  integrity sha512-j/TiVuy+i6vA+SUas2lvHlXuefbOqu5FDA1dCVIi4vuaFvxDY7OlmTRhgnfWbLwV8jlQg7GYadID6ajQil1BKQ==

"@fullcalendar/resource-daygrid@~6.1.10":
  version "6.1.10"
  resolved "https://registry.npmjs.org/@fullcalendar/resource-daygrid/-/resource-daygrid-6.1.10.tgz"
  integrity sha512-5ujqST7Mx4BdPzucdE+dc7/nYCWKpei0qN9ecWxNBwFx/FaFq6ce9Yb8yDcz2tOwesDowXooQkbe19oWa9k/tw==
  dependencies:
    "@fullcalendar/daygrid" "~6.1.10"
    "@fullcalendar/premium-common" "~6.1.10"

"@fullcalendar/resource-timegrid@~6.1.10":
  version "6.1.10"
  resolved "https://registry.npmjs.org/@fullcalendar/resource-timegrid/-/resource-timegrid-6.1.10.tgz"
  integrity sha512-288MnoanE0JPwfD4pzG5+jTGpVRDMc9k7kfY0U2jPTUsXuggIFGmZAD2hgzadmDFX/e0JLJpVZvPMga5w4DOwA==
  dependencies:
    "@fullcalendar/premium-common" "~6.1.10"
    "@fullcalendar/resource-daygrid" "~6.1.10"
    "@fullcalendar/timegrid" "~6.1.10"

"@fullcalendar/resource-timeline@^6.1.10", "@fullcalendar/resource-timeline@~6.1.10":
  version "6.1.10"
  resolved "https://registry.npmjs.org/@fullcalendar/resource-timeline/-/resource-timeline-6.1.10.tgz"
  integrity sha512-KCwRrq//q4WUzD/BoqsINus4LsW7w8he11uQTdKTthGOfNTYDLZICnGFVC9dmM2Jg7tISjOkgLMZhclLyk29Tw==
  dependencies:
    "@fullcalendar/premium-common" "~6.1.10"
    "@fullcalendar/scrollgrid" "~6.1.10"
    "@fullcalendar/timeline" "~6.1.10"

"@fullcalendar/resource@^6.1.10", "@fullcalendar/resource@~6.1.10":
  version "6.1.10"
  resolved "https://registry.npmjs.org/@fullcalendar/resource/-/resource-6.1.10.tgz"
  integrity sha512-peoNfLgdA5B/wP+ETxyRlmyT/elJFxOo3zM2XwXL+XvPI/Bpu0FQw3/NJ9855gisdMK8YnjhoeVnc2X1Odw4TA==
  dependencies:
    "@fullcalendar/premium-common" "~6.1.10"

"@fullcalendar/scrollgrid@~6.1.10":
  version "6.1.10"
  resolved "https://registry.npmjs.org/@fullcalendar/scrollgrid/-/scrollgrid-6.1.10.tgz"
  integrity sha512-vl1lB5TmJvEXviqsqJRn97owv6wGpKZl+h9SsSd/49woA+ZXKr7swA5Ws6jYTd418mQfkjsUyn/hQBqiIEWzXA==
  dependencies:
    "@fullcalendar/premium-common" "~6.1.10"

"@fullcalendar/timegrid@^6.1.10", "@fullcalendar/timegrid@~6.1.10":
  version "6.1.10"
  resolved "https://registry.npmjs.org/@fullcalendar/timegrid/-/timegrid-6.1.10.tgz"
  integrity sha512-hFKyQXJaPbNyq1reZmvkCmM64O99krHoIcJAbDS+dntCm3FzZUcDtAcRKIbMiantHrezCG/1MEYk3m9e3aKvIQ==
  dependencies:
    "@fullcalendar/daygrid" "~6.1.10"

"@fullcalendar/timeline@~6.1.10":
  version "6.1.10"
  resolved "https://registry.npmjs.org/@fullcalendar/timeline/-/timeline-6.1.10.tgz"
  integrity sha512-8Z6pkn/jQ/bFG4xxlYSKwUqkm8LvAKlZRK+Z1Ovn6DeAwhsXTMqHf4jHdpnCSDnVjyKJ3UrK1wBnM5V/NWCa7g==
  dependencies:
    "@fullcalendar/premium-common" "~6.1.10"
    "@fullcalendar/scrollgrid" "~6.1.10"

fullcalendar-scheduler@^6.1.10:
  version "6.1.10"
  resolved "https://registry.npmjs.org/fullcalendar-scheduler/-/fullcalendar-scheduler-6.1.10.tgz"
  integrity sha512-kBg7DxZGUy+Siki6j2t6cGpNGUnteIztDQ+/HFTDfJiF2WbBNzvnT73V3ygfDYbiR+MBoCFYzKw4FeGOsQUP7Q==
  dependencies:
    "@fullcalendar/adaptive" "~6.1.10"
    "@fullcalendar/core" "~6.1.10"
    "@fullcalendar/daygrid" "~6.1.10"
    "@fullcalendar/interaction" "~6.1.10"
    "@fullcalendar/list" "~6.1.10"
    "@fullcalendar/multimonth" "~6.1.10"
    "@fullcalendar/resource" "~6.1.10"
    "@fullcalendar/resource-daygrid" "~6.1.10"
    "@fullcalendar/resource-timegrid" "~6.1.10"
    "@fullcalendar/resource-timeline" "~6.1.10"
    "@fullcalendar/scrollgrid" "~6.1.10"
    "@fullcalendar/timegrid" "~6.1.10"
    "@fullcalendar/timeline" "~6.1.10"

fullcalendar@^6.1.10:
  version "6.1.10"
  resolved "https://registry.npmjs.org/fullcalendar/-/fullcalendar-6.1.10.tgz"
  integrity sha512-JVka6cf3s90vKY221Xa2V8sq42J9SRYxbUILy+o2mIAzG4BqCNLPLr9uBTDtAf7eK3bNhqohnlofRzVBX0BPMw==
  dependencies:
    "@fullcalendar/core" "~6.1.10"
    "@fullcalendar/daygrid" "~6.1.10"
    "@fullcalendar/interaction" "~6.1.10"
    "@fullcalendar/list" "~6.1.10"
    "@fullcalendar/multimonth" "~6.1.10"
    "@fullcalendar/timegrid" "~6.1.10"

"js-tokens@^3.0.0 || ^4.0.0":
  version "4.0.0"
  resolved "https://registry.npmjs.org/js-tokens/-/js-tokens-4.0.0.tgz"
  integrity sha512-RdJUflcE3cUzKiMqQgsCu06FPu9UdIJO0beYbPhHN4k6apgJtifcoCtT9bcxOpYBtpD2kCM6Sbzg4CausW/PKQ==

loose-envify@^1.1.0:
  version "1.4.0"
  resolved "https://registry.npmjs.org/loose-envify/-/loose-envify-1.4.0.tgz"
  integrity sha512-lyuxPGr/Wfhrlem2CL/UcnUc1zcqKAImBDzukY7Y5F/yQiNdko6+fRLevlw1HgMySw7f611UIY408EtxRSoK3Q==
  dependencies:
    js-tokens "^3.0.0 || ^4.0.0"

preact@~10.12.1:
  version "10.12.1"
  resolved "https://registry.npmjs.org/preact/-/preact-10.12.1.tgz"
  integrity sha512-l8386ixSsBdbreOAkqtrwqHwdvR35ID8c3rKPa8lCWuO86dBi32QWHV4vfsZK1utLLFMvw+Z5Ad4XLkZzchscg==

react@^18.2.0:
  version "18.2.0"
  resolved "https://registry.npmjs.org/react/-/react-18.2.0.tgz"
  integrity sha512-/3IjMdb2L9QbBdWiW5e3P2/npwMBaU9mHCSCUzNln0ZCYbcfTsGbTJrU/kGemdH2IWmB2ioZ+zkxtmq6g09fGQ==
  dependencies:
    loose-envify "^1.1.0"
